
Microsoft Visual Studio Solution File, Format Version 12.00
# Visual Studio 14
VisualStudioVersion = 14.0.25420.1
MinimumVisualStudioVersion = 10.0.40219.1
Project("{FAE04EC0-301F-11D3-BF4B-00C04F79EFBC}") = "Puppr.API", "Puppr.API\Puppr.API.csproj", "{35A1A9D7-5AE5-4227-9041-C3755D3414BD}"
EndProject
Project("{FAE04EC0-301F-11D3-BF4B-00C04F79EFBC}") = "Puppr.API.Tests", "Puppr.API.Tests\Puppr.API.Tests.csproj", "{6C4FAEAE-1132-4117-92A8-8F38796F8E30}"
EndProject
Global
	GlobalSection(SolutionConfigurationPlatforms) = preSolution
		Debug|Any CPU = Debug|Any CPU
		Release|Any CPU = Release|Any CPU
	EndGlobalSection
	GlobalSection(ProjectConfigurationPlatforms) = postSolution
		{35A1A9D7-5AE5-4227-9041-C3755D3414BD}.Debug|Any CPU.ActiveCfg = Debug|Any CPU
		{35A1A9D7-5AE5-4227-9041-C3755D3414BD}.Debug|Any CPU.Build.0 = Debug|Any CPU
		{35A1A9D7-5AE5-4227-9041-C3755D3414BD}.Release|Any CPU.ActiveCfg = Release|Any CPU
		{35A1A9D7-5AE5-4227-9041-C3755D3414BD}.Release|Any CPU.Build.0 = Release|Any CPU
		{6C4FAEAE-1132-4117-92A8-8F38796F8E30}.Debug|Any CPU.ActiveCfg = Debug|Any CPU
		{6C4FAEAE-1132-4117-92A8-8F38796F8E30}.Debug|Any CPU.Build.0 = Debug|Any CPU
		{6C4FAEAE-1132-4117-92A8-8F38796F8E30}.Release|Any CPU.ActiveCfg = Release|Any CPU
		{6C4FAEAE-1132-4117-92A8-8F38796F8E30}.Release|Any CPU.Build.0 = Release|Any CPU
	EndGlobalSection
	GlobalSection(SolutionProperties) = preSolution
		HideSolutionNode = FALSE
	EndGlobalSection
EndGlobal
